Microsoft Visual Studio Solution File, Format Version 12.00
# Visual Studio Version 17
VisualStudioVersion = 17.13.35931.197
MinimumVisualStudioVersion = 10.0.40219.1
Project("{FAE04EC0-301F-11D3-BF4B-00C04F79EFBC}") = "DotNetTCP.Client", "DotNetTCP.Client\DotNetTCP.Client.csproj", "{079C7608-810F-4349-8F60-2729096D1711}"
EndProject
Project("{FAE04EC0-301F-11D3-BF4B-00C04F79EFBC}") = "DotNetTCP.Server", "DotNetTCP.Server\DotNetTCP.Server.csproj", "{042E313B-2724-4AB6-A928-453B22A87EB7}"
EndProject
Global
	GlobalSection(SolutionConfigurationPlatforms) = preSolution
		Debug|Any CPU = Debug|Any CPU
		Release|Any CPU = Release|Any CPU
	EndGlobalSection
	GlobalSection(ProjectConfigurationPlatforms) = postSolution
		{079C7608-810F-4349-8F60-2729096D1711}.Debug|Any CPU.ActiveCfg = Debug|Any CPU
		{079C7608-810F-4349-8F60-2729096D1711}.Debug|Any CPU.Build.0 = Debug|Any CPU
		{079C7608-810F-4349-8F60-2729096D1711}.Release|Any CPU.ActiveCfg = Release|Any CPU
		{079C7608-810F-4349-8F60-2729096D1711}.Release|Any CPU.Build.0 = Release|Any CPU
		{042E313B-2724-4AB6-A928-453B22A87EB7}.Debug|Any CPU.ActiveCfg = Debug|Any CPU
		{042E313B-2724-4AB6-A928-453B22A87EB7}.Debug|Any CPU.Build.0 = Debug|Any CPU
		{042E313B-2724-4AB6-A928-453B22A87EB7}.Release|Any CPU.ActiveCfg = Release|Any CPU
		{042E313B-2724-4AB6-A928-453B22A87EB7}.Release|Any CPU.Build.0 = Release|Any CPU
	EndGlobalSection
	GlobalSection(SolutionProperties) = preSolution
		HideSolutionNode = FALSE
	EndGlobalSection
	GlobalSection(ExtensibilityGlobals) = postSolution
		SolutionGuid = {81D76A6C-28D5-457B-8BED-1F6907A56613}
	EndGlobalSection
EndGlobal
